
Microsoft Visual Studio Solution File, Format Version 12.00
# Visual Studio Version 17
VisualStudioVersion = 17.3.32929.385
MinimumVisualStudioVersion = 10.0.40219.1
Project("{9A19103F-16F7-4668-BE54-9A1E7A4F7556}") = "ConsoleAppReadOutput", "ConsoleAppReadOutput\ConsoleAppReadOutput.csproj", "{8EEF8051-B246-4258-B1DF-AC9735ACF49D}"
EndProject
Project("{2150E333-8FDC-42A3-9474-1A3956D46DE8}") = "mongo", "mongo", "{6888B296-859D-418E-ADEF-63FEA8E6A8A0}"
EndProject
Project("{2150E333-8FDC-42A3-9474-1A3956D46DE8}") = "cosmos", "cosmos", "{9FBECFD4-A8EB-4E76-9AAA-2F8F564F83EE}"
EndProject
Project("{2150E333-8FDC-42A3-9474-1A3956D46DE8}") = "servicebus", "servicebus", "{11C8A3AC-24FD-45D6-B329-DD2F94C92D5C}"
EndProject
Project("{9A19103F-16F7-4668-BE54-9A1E7A4F7556}") = "AzureCosmosConsumerChangeStream", "AzureCosmosConsumerChangeStream\AzureCosmosConsumerChangeStream.csproj", "{A83A58AE-063C-49FD-9900-F16F122182D7}"
EndProject
Project("{9A19103F-16F7-4668-BE54-9A1E7A4F7556}") = "AzureCosmosProducerInsert", "AzureCosmosProducerInsert\AzureCosmosProducerInsert.csproj", "{D5AB0AB7-FD5B-4FE2-9D54-EF764A723106}"
EndProject
Project("{9A19103F-16F7-4668-BE54-9A1E7A4F7556}") = "MongoConsumerChangeStream", "MongoConsumerChangeStream\MongoConsumerChangeStream.csproj", "{BE1A2538-E6F6-4210-B3F8-394D4516F87E}"
EndProject
Project("{9A19103F-16F7-4668-BE54-9A1E7A4F7556}") = "MongoConsumerChangeStreamToServiceBusInsert", "MongoConsumerChangeStreamToServiceBusInsert\MongoConsumerChangeStreamToServiceBusInsert.csproj", "{2978FB91-6956-4F1A-9C4B-6050629DC4D6}"
EndProject
Project("{9A19103F-16F7-4668-BE54-9A1E7A4F7556}") = "MongoProducerInsert", "MongoProducerInsert\MongoProducerInsert.csproj", "{BAC14678-3B03-4A10-B951-4F9974E94D2D}"
EndProject
Project("{9A19103F-16F7-4668-BE54-9A1E7A4F7556}") = "AzureServiceBusConsumerReceiver", "AzureServiceBusConsumerReceiver\AzureServiceBusConsumerReceiver.csproj", "{E42B3683-E4FF-4CF1-800A-045FC5DC7C55}"
EndProject
Project("{9A19103F-16F7-4668-BE54-9A1E7A4F7556}") = "AzureServiceBusProducerSender", "AzureServiceBusProducerSender\AzureServiceBusProducerSender.csproj", "{78DE30E2-30DF-4762-9D07-437F001C3827}"
EndProject
Global
	GlobalSection(SolutionConfigurationPlatforms) = preSolution
		Debug|Any CPU = Debug|Any CPU
		Release|Any CPU = Release|Any CPU
	EndGlobalSection
	GlobalSection(ProjectConfigurationPlatforms) = postSolution
		{8EEF8051-B246-4258-B1DF-AC9735ACF49D}.Debug|Any CPU.ActiveCfg = Debug|Any CPU
		{8EEF8051-B246-4258-B1DF-AC9735ACF49D}.Debug|Any CPU.Build.0 = Debug|Any CPU
		{8EEF8051-B246-4258-B1DF-AC9735ACF49D}.Release|Any CPU.ActiveCfg = Release|Any CPU
		{8EEF8051-B246-4258-B1DF-AC9735ACF49D}.Release|Any CPU.Build.0 = Release|Any CPU
		{A83A58AE-063C-49FD-9900-F16F122182D7}.Debug|Any CPU.ActiveCfg = Debug|Any CPU
		{A83A58AE-063C-49FD-9900-F16F122182D7}.Debug|Any CPU.Build.0 = Debug|Any CPU
		{A83A58AE-063C-49FD-9900-F16F122182D7}.Release|Any CPU.ActiveCfg = Release|Any CPU
		{A83A58AE-063C-49FD-9900-F16F122182D7}.Release|Any CPU.Build.0 = Release|Any CPU
		{D5AB0AB7-FD5B-4FE2-9D54-EF764A723106}.Debug|Any CPU.ActiveCfg = Debug|Any CPU
		{D5AB0AB7-FD5B-4FE2-9D54-EF764A723106}.Debug|Any CPU.Build.0 = Debug|Any CPU
		{D5AB0AB7-FD5B-4FE2-9D54-EF764A723106}.Release|Any CPU.ActiveCfg = Release|Any CPU
		{D5AB0AB7-FD5B-4FE2-9D54-EF764A723106}.Release|Any CPU.Build.0 = Release|Any CPU
		{BE1A2538-E6F6-4210-B3F8-394D4516F87E}.Debug|Any CPU.ActiveCfg = Debug|Any CPU
		{BE1A2538-E6F6-4210-B3F8-394D4516F87E}.Debug|Any CPU.Build.0 = Debug|Any CPU
		{BE1A2538-E6F6-4210-B3F8-394D4516F87E}.Release|Any CPU.ActiveCfg = Release|Any CPU
		{BE1A2538-E6F6-4210-B3F8-394D4516F87E}.Release|Any CPU.Build.0 = Release|Any CPU
		{2978FB91-6956-4F1A-9C4B-6050629DC4D6}.Debug|Any CPU.ActiveCfg = Debug|Any CPU
		{2978FB91-6956-4F1A-9C4B-6050629DC4D6}.Debug|Any CPU.Build.0 = Debug|Any CPU
		{2978FB91-6956-4F1A-9C4B-6050629DC4D6}.Release|Any CPU.ActiveCfg = Release|Any CPU
		{2978FB91-6956-4F1A-9C4B-6050629DC4D6}.Release|Any CPU.Build.0 = Release|Any CPU
		{BAC14678-3B03-4A10-B951-4F9974E94D2D}.Debug|Any CPU.ActiveCfg = Debug|Any CPU
		{BAC14678-3B03-4A10-B951-4F9974E94D2D}.Debug|Any CPU.Build.0 = Debug|Any CPU
		{BAC14678-3B03-4A10-B951-4F9974E94D2D}.Release|Any CPU.ActiveCfg = Release|Any CPU
		{BAC14678-3B03-4A10-B951-4F9974E94D2D}.Release|Any CPU.Build.0 = Release|Any CPU
		{E42B3683-E4FF-4CF1-800A-045FC5DC7C55}.Debug|Any CPU.ActiveCfg = Debug|Any CPU
		{E42B3683-E4FF-4CF1-800A-045FC5DC7C55}.Debug|Any CPU.Build.0 = Debug|Any CPU
		{E42B3683-E4FF-4CF1-800A-045FC5DC7C55}.Release|Any CPU.ActiveCfg = Release|Any CPU
		{E42B3683-E4FF-4CF1-800A-045FC5DC7C55}.Release|Any CPU.Build.0 = Release|Any CPU
		{78DE30E2-30DF-4762-9D07-437F001C3827}.Debug|Any CPU.ActiveCfg = Debug|Any CPU
		{78DE30E2-30DF-4762-9D07-437F001C3827}.Debug|Any CPU.Build.0 = Debug|Any CPU
		{78DE30E2-30DF-4762-9D07-437F001C3827}.Release|Any CPU.ActiveCfg = Release|Any CPU
		{78DE30E2-30DF-4762-9D07-437F001C3827}.Release|Any CPU.Build.0 = Release|Any CPU
	EndGlobalSection
	GlobalSection(SolutionProperties) = preSolution
		HideSolutionNode = FALSE
	EndGlobalSection
	GlobalSection(NestedProjects) = preSolution
		{A83A58AE-063C-49FD-9900-F16F122182D7} = {9FBECFD4-A8EB-4E76-9AAA-2F8F564F83EE}
		{D5AB0AB7-FD5B-4FE2-9D54-EF764A723106} = {9FBECFD4-A8EB-4E76-9AAA-2F8F564F83EE}
		{BE1A2538-E6F6-4210-B3F8-394D4516F87E} = {6888B296-859D-418E-ADEF-63FEA8E6A8A0}
		{2978FB91-6956-4F1A-9C4B-6050629DC4D6} = {6888B296-859D-418E-ADEF-63FEA8E6A8A0}
		{BAC14678-3B03-4A10-B951-4F9974E94D2D} = {6888B296-859D-418E-ADEF-63FEA8E6A8A0}
		{E42B3683-E4FF-4CF1-800A-045FC5DC7C55} = {11C8A3AC-24FD-45D6-B329-DD2F94C92D5C}
		{78DE30E2-30DF-4762-9D07-437F001C3827} = {11C8A3AC-24FD-45D6-B329-DD2F94C92D5C}
	EndGlobalSection
	GlobalSection(ExtensibilityGlobals) = postSolution
		SolutionGuid = {496E29A0-F094-42CA-A3AD-DF8DA0641B8D}
	EndGlobalSection
EndGlobal
